
Microsoft Visual Studio Solution File, Format Version 12.00
# Visual Studio Version 16
VisualStudioVersion = 16.0.29926.136
MinimumVisualStudioVersion = 10.0.40219.1
Project("{9A19103F-16F7-4668-BE54-9A1E7A4F7556}") = "FarmacyWeb", "FarmacyWeb.csproj", "{B3F98DA5-4A23-4022-9BB8-FBB3D2584411}"
EndProject
Global
	GlobalSection(SolutionConfigurationPlatforms) = preSolution
		Debug|Any CPU = Debug|Any CPU
		Release|Any CPU = Release|Any CPU
	EndGlobalSection
	GlobalSection(ProjectConfigurationPlatforms) = postSolution
		{B3F98DA5-4A23-4022-9BB8-FBB3D2584411}.Debug|Any CPU.ActiveCfg = Debug|Any CPU
		{B3F98DA5-4A23-4022-9BB8-FBB3D2584411}.Debug|Any CPU.Build.0 = Debug|Any CPU
		{B3F98DA5-4A23-4022-9BB8-FBB3D2584411}.Release|Any CPU.ActiveCfg = Release|Any CPU
		{B3F98DA5-4A23-4022-9BB8-FBB3D2584411}.Release|Any CPU.Build.0 = Release|Any CPU
	EndGlobalSection
	GlobalSection(SolutionProperties) = preSolution
		HideSolutionNode = FALSE
	EndGlobalSection
	GlobalSection(ExtensibilityGlobals) = postSolution
		SolutionGuid = {4E13DF1E-18F4-4C76-B521-8DB91F2A19C9}
	EndGlobalSection
EndGlobal
